
Microsoft Visual Studio Solution File, Format Version 12.00
# Visual Studio 15
VisualStudioVersion = 15.0.27130.2036
MinimumVisualStudioVersion = 10.0.40219.1
Project("{FAE04EC0-301F-11D3-BF4B-00C04F79EFBC}") = "WeatherApi", "weater\WeatherApi.csproj", "{44B7548F-028B-43C7-B5D7-558E829FBD38}"
EndProject
Global
	GlobalSection(SolutionConfigurationPlatforms) = preSolution
		Debug|Any CPU = Debug|Any CPU
		Release|Any CPU = Release|Any CPU
	EndGlobalSection
	GlobalSection(ProjectConfigurationPlatforms) = postSolution
		{44B7548F-028B-43C7-B5D7-558E829FBD38}.Debug|Any CPU.ActiveCfg = Debug|Any CPU
		{44B7548F-028B-43C7-B5D7-558E829FBD38}.Debug|Any CPU.Build.0 = Debug|Any CPU
		{44B7548F-028B-43C7-B5D7-558E829FBD38}.Release|Any CPU.ActiveCfg = Release|Any CPU
		{44B7548F-028B-43C7-B5D7-558E829FBD38}.Release|Any CPU.Build.0 = Release|Any CPU
	EndGlobalSection
	GlobalSection(SolutionProperties) = preSolution
		HideSolutionNode = FALSE
	EndGlobalSection
	GlobalSection(ExtensibilityGlobals) = postSolution
		SolutionGuid = {5AC6EF7E-B9FB-4313-B084-2426360BF73B}
	EndGlobalSection
EndGlobal
